{
  "name": "@framework-x/fetch-fx",
  "version": "1.0.0",
  "lockfileVersion": 1,
  "requires": true,
  "dependencies": {
    "@types/ramda": {
      "version": "0.26.21",
      "resolved": "https://registry.npmjs.org/@types/ramda/-/ramda-0.26.21.tgz",
      "integrity": "sha512-zMYtIZMceA6BvH+or6LmewLBgojbXg5+FGCwjO8K+Z+d/ZWxILmhhASXkehW0PqJL+V0QbyDeeAHix0dvEKXfQ==",
      "dev": true,
      "requires": {
        "ts-toolbelt": "^3.8.4"
      }
    },
    "ramda": {
      "version": "0.26.1",
      "resolved": "https://registry.npmjs.org/ramda/-/ramda-0.26.1.tgz",
      "integrity": "sha512-hLWjpy7EnsDBb0p+Z3B7rPi3GDeRG5ZtiI33kJhTt+ORCd38AbAIjB/9zRIUoeTbE/AVX5ZkU7m6bznsvrf8eQ==",
      "dev": true
    },
    "ts-toolbelt": {
      "version": "3.8.81",
      "resolved": "https://registry.npmjs.org/ts-toolbelt/-/ts-toolbelt-3.8.81.tgz",
      "integrity": "sha512-XVSL52X/DLUvMmcALOpvnzwYsB6MgqdlUNmHYA7IL2/RGezES40kMPnHt1N1OJ08PyMog8VMum4ZkXfbrw02zQ==",
      "dev": true
    }
  }
}
